
Microsoft Visual Studio Solution File, Format Version 12.00
# Visual Studio Version 16
VisualStudioVersion = 16.0.30413.136
MinimumVisualStudioVersion = 10.0.40219.1
Project("{FAE04EC0-301F-11D3-BF4B-00C04F79EFBC}") = "SimpleWebAPI.Api", "SimpleWebAPI\SimpleWebAPI.Api.csproj", "{C90B2A14-9167-4A43-9F0B-C28160C27D91}"
EndProject
Project("{FAE04EC0-301F-11D3-BF4B-00C04F79EFBC}") = "SimpleWebAPI.Data", "SimpleWebAPI.Data\SimpleWebAPI.Data.csproj", "{184B5514-E955-4155-8BA2-855977595438}"
EndProject
Project("{FAE04EC0-301F-11D3-BF4B-00C04F79EFBC}") = "SimpleWebAPI.Infrastructure", "SimpleWebAPI.Infrastructure\SimpleWebAPI.Infrastructure.csproj", "{9F54CB44-49A4-418F-B07A-209BBC6C2363}"
EndProject
Project("{FAE04EC0-301F-11D3-BF4B-00C04F79EFBC}") = "SimpleWebAPI.Applications", "SimpleWebAPI.Applications\SimpleWebAPI.Applications.csproj", "{F4659E6B-F2B5-4FD9-95EC-F7996CDFE8C1}"
EndProject
Project("{FAE04EC0-301F-11D3-BF4B-00C04F79EFBC}") = "SimpleWebAPI.Test", "SimpleWebAPI.Test\SimpleWebAPI.Test.csproj", "{B397B40B-38FC-43E2-A223-37B8EB80E424}"
EndProject
Global
	GlobalSection(SolutionConfigurationPlatforms) = preSolution
		Debug|Any CPU = Debug|Any CPU
		Release|Any CPU = Release|Any CPU
	EndGlobalSection
	GlobalSection(ProjectConfigurationPlatforms) = postSolution
		{C90B2A14-9167-4A43-9F0B-C28160C27D91}.Debug|Any CPU.ActiveCfg = Debug|Any CPU
		{C90B2A14-9167-4A43-9F0B-C28160C27D91}.Debug|Any CPU.Build.0 = Debug|Any CPU
		{C90B2A14-9167-4A43-9F0B-C28160C27D91}.Release|Any CPU.ActiveCfg = Release|Any CPU
		{C90B2A14-9167-4A43-9F0B-C28160C27D91}.Release|Any CPU.Build.0 = Release|Any CPU
		{184B5514-E955-4155-8BA2-855977595438}.Debug|Any CPU.ActiveCfg = Debug|Any CPU
		{184B5514-E955-4155-8BA2-855977595438}.Debug|Any CPU.Build.0 = Debug|Any CPU
		{184B5514-E955-4155-8BA2-855977595438}.Release|Any CPU.ActiveCfg = Release|Any CPU
		{184B5514-E955-4155-8BA2-855977595438}.Release|Any CPU.Build.0 = Release|Any CPU
		{9F54CB44-49A4-418F-B07A-209BBC6C2363}.Debug|Any CPU.ActiveCfg = Debug|Any CPU
		{9F54CB44-49A4-418F-B07A-209BBC6C2363}.Debug|Any CPU.Build.0 = Debug|Any CPU
		{9F54CB44-49A4-418F-B07A-209BBC6C2363}.Release|Any CPU.ActiveCfg = Release|Any CPU
		{9F54CB44-49A4-418F-B07A-209BBC6C2363}.Release|Any CPU.Build.0 = Release|Any CPU
		{F4659E6B-F2B5-4FD9-95EC-F7996CDFE8C1}.Debug|Any CPU.ActiveCfg = Debug|Any CPU
		{F4659E6B-F2B5-4FD9-95EC-F7996CDFE8C1}.Debug|Any CPU.Build.0 = Debug|Any CPU
		{F4659E6B-F2B5-4FD9-95EC-F7996CDFE8C1}.Release|Any CPU.ActiveCfg = Release|Any CPU
		{F4659E6B-F2B5-4FD9-95EC-F7996CDFE8C1}.Release|Any CPU.Build.0 = Release|Any CPU
		{B397B40B-38FC-43E2-A223-37B8EB80E424}.Debug|Any CPU.ActiveCfg = Debug|Any CPU
		{B397B40B-38FC-43E2-A223-37B8EB80E424}.Debug|Any CPU.Build.0 = Debug|Any CPU
		{B397B40B-38FC-43E2-A223-37B8EB80E424}.Release|Any CPU.ActiveCfg = Release|Any CPU
		{B397B40B-38FC-43E2-A223-37B8EB80E424}.Release|Any CPU.Build.0 = Release|Any CPU
	EndGlobalSection
	GlobalSection(SolutionProperties) = preSolution
		HideSolutionNode = FALSE
	EndGlobalSection
	GlobalSection(ExtensibilityGlobals) = postSolution
		SolutionGuid = {540D9423-57BC-46B0-9EA6-49588A7B5FBA}
	EndGlobalSection
EndGlobal
